
Microsoft Visual Studio Solution File, Format Version 12.00
# Visual Studio Version 17
VisualStudioVersion = 17.8.34408.163
MinimumVisualStudioVersion = 10.0.40219.1
Project("{FAE04EC0-301F-11D3-BF4B-00C04F79EFBC}") = "InvoicingSystem", "InvoicingSystem\InvoicingSystem.csproj", "{2105424E-F945-4D67-BB7A-1B80EE2B41CB}"
EndProject
Global
	GlobalSection(SolutionConfigurationPlatforms) = preSolution
		Debug|Any CPU = Debug|Any CPU
		Release|Any CPU = Release|Any CPU
	EndGlobalSection
	GlobalSection(ProjectConfigurationPlatforms) = postSolution
		{2105424E-F945-4D67-BB7A-1B80EE2B41CB}.Debug|Any CPU.ActiveCfg = Debug|Any CPU
		{2105424E-F945-4D67-BB7A-1B80EE2B41CB}.Debug|Any CPU.Build.0 = Debug|Any CPU
		{2105424E-F945-4D67-BB7A-1B80EE2B41CB}.Release|Any CPU.ActiveCfg = Release|Any CPU
		{2105424E-F945-4D67-BB7A-1B80EE2B41CB}.Release|Any CPU.Build.0 = Release|Any CPU
	EndGlobalSection
	GlobalSection(SolutionProperties) = preSolution
		HideSolutionNode = FALSE
	EndGlobalSection
	GlobalSection(ExtensibilityGlobals) = postSolution
		SolutionGuid = {2D0573EB-1988-40D3-AD12-A1997CD5298B}
	EndGlobalSection
EndGlobal
